
Microsoft Visual Studio Solution File, Format Version 12.00
# Visual Studio Version 17
VisualStudioVersion = 17.3.32922.545
MinimumVisualStudioVersion = 10.0.40219.1
Project("{FAE04EC0-301F-11D3-BF4B-00C04F79EFBC}") = "StringImmutablityApp", "StringImmutablityApp.csproj", "{BDBB2E05-9585-472E-A2B7-7BE639AD4506}"
EndProject
Global
	GlobalSection(SolutionConfigurationPlatforms) = preSolution
		Debug|Any CPU = Debug|Any CPU
		Release|Any CPU = Release|Any CPU
	EndGlobalSection
	GlobalSection(ProjectConfigurationPlatforms) = postSolution
		{BDBB2E05-9585-472E-A2B7-7BE639AD4506}.Debug|Any CPU.ActiveCfg = Debug|Any CPU
		{BDBB2E05-9585-472E-A2B7-7BE639AD4506}.Debug|Any CPU.Build.0 = Debug|Any CPU
		{BDBB2E05-9585-472E-A2B7-7BE639AD4506}.Release|Any CPU.ActiveCfg = Release|Any CPU
		{BDBB2E05-9585-472E-A2B7-7BE639AD4506}.Release|Any CPU.Build.0 = Release|Any CPU
	EndGlobalSection
	GlobalSection(SolutionProperties) = preSolution
		HideSolutionNode = FALSE
	EndGlobalSection
	GlobalSection(ExtensibilityGlobals) = postSolution
		SolutionGuid = {F4B49E22-2A29-46AE-AEEA-868FD8EBAF3D}
	EndGlobalSection
EndGlobal
