
Microsoft Visual Studio Solution File, Format Version 12.00
# Visual Studio Version 17
VisualStudioVersion = 17.3.32922.545
MinimumVisualStudioVersion = 10.0.40219.1
Project("{FAE04EC0-301F-11D3-BF4B-00C04F79EFBC}") = "RectangleConstructorApp", "RectangleConstructorApp\RectangleConstructorApp.csproj", "{3FC06205-C4CE-43F9-821B-8199AA7A3A7F}"
EndProject
Global
	GlobalSection(SolutionConfigurationPlatforms) = preSolution
		Debug|Any CPU = Debug|Any CPU
		Release|Any CPU = Release|Any CPU
	EndGlobalSection
	GlobalSection(ProjectConfigurationPlatforms) = postSolution
		{3FC06205-C4CE-43F9-821B-8199AA7A3A7F}.Debug|Any CPU.ActiveCfg = Debug|Any CPU
		{3FC06205-C4CE-43F9-821B-8199AA7A3A7F}.Debug|Any CPU.Build.0 = Debug|Any CPU
		{3FC06205-C4CE-43F9-821B-8199AA7A3A7F}.Release|Any CPU.ActiveCfg = Release|Any CPU
		{3FC06205-C4CE-43F9-821B-8199AA7A3A7F}.Release|Any CPU.Build.0 = Release|Any CPU
	EndGlobalSection
	GlobalSection(SolutionProperties) = preSolution
		HideSolutionNode = FALSE
	EndGlobalSection
	GlobalSection(ExtensibilityGlobals) = postSolution
		SolutionGuid = {871E40AF-84EF-4F35-94CB-1405E71E23AD}
	EndGlobalSection
EndGlobal
